// !$*UTF8*$!
{
	archiveVersion = 1;
	classes = {
	};
	objectVersion = 46;
	objects = {

/* Begin PBXBuildFile section */
		B484A87C19FDEA5A000FE4B5 /* main.cpp in Sources */ = {isa = PBXBuildFile; fileRef = B484A87B19FDEA5A000FE4B5 /* main.cpp */; };
		B484A89219FDEA6D000FE4B5 /* derivedToken.cpp in Sources */ = {isa = PBXBuildFile; fileRef = B484A88219FDEA6D000FE4B5 /* derivedToken.cpp */; };
		B484A89319FDEA6D000FE4B5 /* Lab2.cpp in Sources */ = {isa = PBXBuildFile; fileRef = B484A88419FDEA6D000FE4B5 /* Lab2.cpp */; };
		B484A89419FDEA6D000FE4B5 /* parse.cpp in Sources */ = {isa = PBXBuildFile; fileRef = B484A88519FDEA6D000FE4B5 /* parse.cpp */; };
		B484A89519FDEA6D000FE4B5 /* phrase.cpp in Sources */ = {isa = PBXBuildFile; fileRef = B484A88719FDEA6D000FE4B5 /* phrase.cpp */; };
		B484A89619FDEA6D000FE4B5 /* revString.cpp in Sources */ = {isa = PBXBuildFile; fileRef = B484A88A19FDEA6D000FE4B5 /* revString.cpp */; };
		B484A89719FDEA6D000FE4B5 /* scanner.cpp in Sources */ = {isa = PBXBuildFile; fileRef = B484A88B19FDEA6D000FE4B5 /* scanner.cpp */; };
		B484A89819FDEA6D000FE4B5 /* test.cpp in Sources */ = {isa = PBXBuildFile; fileRef = B484A88D19FDEA6D000FE4B5 /* test.cpp */; };
		B484A89919FDEA6D000FE4B5 /* token.cpp in Sources */ = {isa = PBXBuildFile; fileRef = B484A88E19FDEA6D000FE4B5 /* token.cpp */; };
		B484A89A19FDEA6D000FE4B5 /* utility.cpp in Sources */ = {isa = PBXBuildFile; fileRef = B484A89019FDEA6D000FE4B5 /* utility.cpp */; };
/* End PBXBuildFile section */

/* Begin PBXCopyFilesBuildPhase section */
		B484A87619FDEA5A000FE4B5 /* CopyFiles */ = {
			isa = PBXCopyFilesBuildPhase;
			buildActionMask = 2147483647;
			dstPath = /usr/share/man/man1/;
			dstSubfolderSpec = 0;
			files = (
			);
			runOnlyForDeploymentPostprocessing = 1;
		};
/* End PBXCopyFilesBuildPhase section */

/* Begin PBXFileReference section */
		B484A87819FDEA5A000FE4B5 /* CSE425_Lab2 */ = {isa = PBXFileReference; explicitFileType = "compiled.mach-o.executable"; includeInIndex = 0; path = CSE425_Lab2; sourceTree = BUILT_PRODUCTS_DIR; };
		B484A87B19FDEA5A000FE4B5 /* main.cpp */ = {isa = PBXFileReference; lastKnownFileType = sourcecode.cpp.cpp; path = main.cpp; sourceTree = "<group>"; };
		B484A88219FDEA6D000FE4B5 /* derivedToken.cpp */ = {isa = PBXFileReference; fileEncoding = 4; lastKnownFileType = sourcecode.cpp.cpp; path = derivedToken.cpp; sourceTree = "<group>"; };
		B484A88319FDEA6D000FE4B5 /* derivedToken.h */ = {isa = PBXFileReference; fileEncoding = 4; lastKnownFileType = sourcecode.c.h; path = derivedToken.h; sourceTree = "<group>"; };
		B484A88419FDEA6D000FE4B5 /* Lab2.cpp */ = {isa = PBXFileReference; fileEncoding = 4; lastKnownFileType = sourcecode.cpp.cpp; path = Lab2.cpp; sourceTree = "<group>"; };
		B484A88519FDEA6D000FE4B5 /* parse.cpp */ = {isa = PBXFileReference; fileEncoding = 4; lastKnownFileType = sourcecode.cpp.cpp; path = parse.cpp; sourceTree = "<group>"; };
		B484A88619FDEA6D000FE4B5 /* parse.h */ = {isa = PBXFileReference; fileEncoding = 4; lastKnownFileType = sourcecode.c.h; path = parse.h; sourceTree = "<group>"; };
		B484A88719FDEA6D000FE4B5 /* phrase.cpp */ = {isa = PBXFileReference; fileEncoding = 4; lastKnownFileType = sourcecode.cpp.cpp; path = phrase.cpp; sourceTree = "<group>"; };
		B484A88819FDEA6D000FE4B5 /* phrase.h */ = {isa = PBXFileReference; fileEncoding = 4; lastKnownFileType = sourcecode.c.h; path = phrase.h; sourceTree = "<group>"; };
		B484A88919FDEA6D000FE4B5 /* ReadMe.txt */ = {isa = PBXFileReference; fileEncoding = 4; lastKnownFileType = text; path = ReadMe.txt; sourceTree = "<group>"; };
		B484A88A19FDEA6D000FE4B5 /* revString.cpp */ = {isa = PBXFileReference; fileEncoding = 4; lastKnownFileType = sourcecode.cpp.cpp; path = revString.cpp; sourceTree = "<group>"; };
		B484A88B19FDEA6D000FE4B5 /* scanner.cpp */ = {isa = PBXFileReference; fileEncoding = 4; lastKnownFileType = sourcecode.cpp.cpp; path = scanner.cpp; sourceTree = "<group>"; };
		B484A88C19FDEA6D000FE4B5 /* scanner.h */ = {isa = PBXFileReference; fileEncoding = 4; lastKnownFileType = sourcecode.c.h; path = scanner.h; sourceTree = "<group>"; };
		B484A88D19FDEA6D000FE4B5 /* test.cpp */ = {isa = PBXFileReference; fileEncoding = 4; lastKnownFileType = sourcecode.cpp.cpp; path = test.cpp; sourceTree = "<group>"; };
		B484A88E19FDEA6D000FE4B5 /* token.cpp */ = {isa = PBXFileReference; fileEncoding = 4; lastKnownFileType = sourcecode.cpp.cpp; path = token.cpp; sourceTree = "<group>"; };
		B484A88F19FDEA6D000FE4B5 /* token.h */ = {isa = PBXFileReference; fileEncoding = 4; lastKnownFileType = sourcecode.c.h; path = token.h; sourceTree = "<group>"; };
		B484A89019FDEA6D000FE4B5 /* utility.cpp */ = {isa = PBXFileReference; fileEncoding = 4; lastKnownFileType = sourcecode.cpp.cpp; path = utility.cpp; sourceTree = "<group>"; };
		B484A89119FDEA6D000FE4B5 /* utility.h */ = {isa = PBXFileReference; fileEncoding = 4; lastKnownFileType = sourcecode.c.h; path = utility.h; sourceTree = "<group>"; };
/* End PBXFileReference section */

/* Begin PBXFrameworksBuildPhase section */
		B484A87519FDEA5A000FE4B5 /* Frameworks */ = {
			isa = PBXFrameworksBuildPhase;
			buildActionMask = 2147483647;
			files = (
			);
			runOnlyForDeploymentPostprocessing = 0;
		};
/* End PBXFrameworksBuildPhase section */

/* Begin PBXGroup section */
		B484A86F19FDEA5A000FE4B5 = {
			isa = PBXGroup;
			children = (
				B484A88219FDEA6D000FE4B5 /* derivedToken.cpp */,
				B484A88319FDEA6D000FE4B5 /* derivedToken.h */,
				B484A88419FDEA6D000FE4B5 /* Lab2.cpp */,
				B484A88519FDEA6D000FE4B5 /* parse.cpp */,
				B484A88619FDEA6D000FE4B5 /* parse.h */,
				B484A88719FDEA6D000FE4B5 /* phrase.cpp */,
				B484A88819FDEA6D000FE4B5 /* phrase.h */,
				B484A88919FDEA6D000FE4B5 /* ReadMe.txt */,
				B484A88A19FDEA6D000FE4B5 /* revString.cpp */,
				B484A88B19FDEA6D000FE4B5 /* scanner.cpp */,
				B484A88C19FDEA6D000FE4B5 /* scanner.h */,
				B484A88D19FDEA6D000FE4B5 /* test.cpp */,
				B484A88E19FDEA6D000FE4B5 /* token.cpp */,
				B484A88F19FDEA6D000FE4B5 /* token.h */,
				B484A89019FDEA6D000FE4B5 /* utility.cpp */,
				B484A89119FDEA6D000FE4B5 /* utility.h */,
				B484A87A19FDEA5A000FE4B5 /* CSE425_Lab2 */,
				B484A87919FDEA5A000FE4B5 /* Products */,
			);
			sourceTree = "<group>";
		};
		B484A87919FDEA5A000FE4B5 /* Products */ = {
			isa = PBXGroup;
			children = (
				B484A87819FDEA5A000FE4B5 /* CSE425_Lab2 */,
			);
			name = Products;
			sourceTree = "<group>";
		};
		B484A87A19FDEA5A000FE4B5 /* CSE425_Lab2 */ = {
			isa = PBXGroup;
			children = (
				B484A87B19FDEA5A000FE4B5 /* main.cpp */,
			);
			path = CSE425_Lab2;
			sourceTree = "<group>";
		};
/* End PBXGroup section */

/* Begin PBXNativeTarget section */
		B484A87719FDEA5A000FE4B5 /* CSE425_Lab2 */ = {
			isa = PBXNativeTarget;
			buildConfigurationList = B484A87F19FDEA5A000FE4B5 /* Build configuration list for PBXNativeTarget "CSE425_Lab2" */;
			buildPhases = (
				B484A87419FDEA5A000FE4B5 /* Sources */,
				B484A87519FDEA5A000FE4B5 /* Frameworks */,
				B484A87619FDEA5A000FE4B5 /* CopyFiles */,
			);
			buildRules = (
			);
			dependencies = (
			);
			name = CSE425_Lab2;
			productName = CSE425_Lab2;
			productReference = B484A87819FDEA5A000FE4B5 /* CSE425_Lab2 */;
			productType = "com.apple.product-type.tool";
		};
/* End PBXNativeTarget section */

/* Begin PBXProject section */
		B484A87019FDEA5A000FE4B5 /* Project object */ = {
			isa = PBXProject;
			attributes = {
				LastUpgradeCheck = 0610;
				ORGANIZATIONNAME = "Katharine Thomas";
				TargetAttributes = {
					B484A87719FDEA5A000FE4B5 = {
						CreatedOnToolsVersion = 6.1;
					};
				};
			};
			buildConfigurationList = B484A87319FDEA5A000FE4B5 /* Build configuration list for PBXProject "CSE425_Lab2" */;
			compatibilityVersion = "Xcode 3.2";
			developmentRegion = English;
			hasScannedForEncodings = 0;
			knownRegions = (
				en,
			);
			mainGroup = B484A86F19FDEA5A000FE4B5;
			productRefGroup = B484A87919FDEA5A000FE4B5 /* Products */;
			projectDirPath = "";
			projectRoot = "";
			targets = (
				B484A87719FDEA5A000FE4B5 /* CSE425_Lab2 */,
			);
		};
/* End PBXProject section */

/* Begin PBXSourcesBuildPhase section */
		B484A87419FDEA5A000FE4B5 /* Sources */ = {
			isa = PBXSourcesBuildPhase;
			buildActionMask = 2147483647;
			files = (
				B484A89519FDEA6D000FE4B5 /* phrase.cpp in Sources */,
				B484A89819FDEA6D000FE4B5 /* test.cpp in Sources */,
				B484A89319FDEA6D000FE4B5 /* Lab2.cpp in Sources */,
				B484A89619FDEA6D000FE4B5 /* revString.cpp in Sources */,
				B484A89419FDEA6D000FE4B5 /* parse.cpp in Sources */,
				B484A89719FDEA6D000FE4B5 /* scanner.cpp in Sources */,
				B484A89A19FDEA6D000FE4B5 /* utility.cpp in Sources */,
				B484A87C19FDEA5A000FE4B5 /* main.cpp in Sources */,
				B484A89219FDEA6D000FE4B5 /* derivedToken.cpp in Sources */,
				B484A89919FDEA6D000FE4B5 /* token.cpp in Sources */,
			);
			runOnlyForDeploymentPostprocessing = 0;
		};
/* End PBXSourcesBuildPhase section */

/* Begin XCBuildConfiguration section */
		B484A87D19FDEA5A000FE4B5 /* Debug */ = {
			isa = XCBuildConfiguration;
			buildSettings = {
				ALWAYS_SEARCH_USER_PATHS = NO;
				CLANG_CXX_LANGUAGE_STANDARD = "gnu++0x";
				CLANG_CXX_LIBRARY = "libc++";
				CLANG_ENABLE_MODULES = YES;
				CLANG_ENABLE_OBJC_ARC = YES;
				CLANG_WARN_BOOL_CONVERSION = YES;
				CLANG_WARN_CONSTANT_CONVERSION = YES;
				CLANG_WARN_DIRECT_OBJC_ISA_USAGE = YES_ERROR;
				CLANG_WARN_EMPTY_BODY = YES;
				CLANG_WARN_ENUM_CONVERSION = YES;
				CLANG_WARN_INT_CONVERSION = YES;
				CLANG_WARN_OBJC_ROOT_CLASS = YES_ERROR;
				CLANG_WARN_UNREACHABLE_CODE = YES;
				CLANG_WARN__DUPLICATE_METHOD_MATCH = YES;
				COPY_PHASE_STRIP = NO;
				ENABLE_STRICT_OBJC_MSGSEND = YES;
				GCC_C_LANGUAGE_STANDARD = gnu99;
				GCC_DYNAMIC_NO_PIC = NO;
				GCC_OPTIMIZATION_LEVEL = 0;
				GCC_PREPROCESSOR_DEFINITIONS = (
					"DEBUG=1",
					"$(inherited)",
				);
				GCC_SYMBOLS_PRIVATE_EXTERN = NO;
				GCC_WARN_64_TO_32_BIT_CONVERSION = YES;
				GCC_WARN_ABOUT_RETURN_TYPE = YES_ERROR;
				GCC_WARN_UNDECLARED_SELECTOR = YES;
				GCC_WARN_UNINITIALIZED_AUTOS = YES_AGGRESSIVE;
				GCC_WARN_UNUSED_FUNCTION = YES;
				GCC_WARN_UNUSED_VARIABLE = YES;
				MACOSX_DEPLOYMENT_TARGET = 10.9;
				MTL_ENABLE_DEBUG_INFO = YES;
				ONLY_ACTIVE_ARCH = YES;
				SDKROOT = macosx;
			};
			name = Debug;
		};
		B484A87E19FDEA5A000FE4B5 /* Release */ = {
			isa = XCBuildConfiguration;
			buildSettings = {
				ALWAYS_SEARCH_USER_PATHS = NO;
				CLANG_CXX_LANGUAGE_STANDARD = "gnu++0x";
				CLANG_CXX_LIBRARY = "libc++";
				CLANG_ENABLE_MODULES = YES;
				CLANG_ENABLE_OBJC_ARC = YES;
				CLANG_WARN_BOOL_CONVERSION = YES;
				CLANG_WARN_CONSTANT_CONVERSION = YES;
				CLANG_WARN_DIRECT_OBJC_ISA_USAGE = YES_ERROR;
				CLANG_WARN_EMPTY_BODY = YES;
				CLANG_WARN_ENUM_CONVERSION = YES;
				CLANG_WARN_INT_CONVERSION = YES;
				CLANG_WARN_OBJC_ROOT_CLASS = YES_ERROR;
				CLANG_WARN_UNREACHABLE_CODE = YES;
				CLANG_WARN__DUPLICATE_METHOD_MATCH = YES;
				COPY_PHASE_STRIP = YES;
				DEBUG_INFORMATION_FORMAT = "dwarf-with-dsym";
				ENABLE_NS_ASSERTIONS = NO;
				ENABLE_STRICT_OBJC_MSGSEND = YES;
				GCC_C_LANGUAGE_STANDARD = gnu99;
				GCC_WARN_64_TO_32_BIT_CONVERSION = YES;
				GCC_WARN_ABOUT_RETURN_TYPE = YES_ERROR;
				GCC_WARN_UNDECLARED_SELECTOR = YES;
				GCC_WARN_UNINITIALIZED_AUTOS = YES_AGGRESSIVE;
				GCC_WARN_UNUSED_FUNCTION = YES;
				GCC_WARN_UNUSED_VARIABLE = YES;
				MACOSX_DEPLOYMENT_TARGET = 10.9;
				MTL_ENABLE_DEBUG_INFO = NO;
				SDKROOT = macosx;
			};
			name = Release;
		};
		B484A88019FDEA5A000FE4B5 /* Debug */ = {
			isa = XCBuildConfiguration;
			buildSettings = {
				PRODUCT_NAME = "$(TARGET_NAME)";
			};
			name = Debug;
		};
		B484A88119FDEA5A000FE4B5 /* Release */ = {
			isa = XCBuildConfiguration;
			buildSettings = {
				PRODUCT_NAME = "$(TARGET_NAME)";
			};
			name = Release;
		};
/* End XCBuildConfiguration section */

/* Begin XCConfigurationList section */
		B484A87319FDEA5A000FE4B5 /* Build configuration list for PBXProject "CSE425_Lab2" */ = {
			isa = XCConfigurationList;
			buildConfigurations = (
				B484A87D19FDEA5A000FE4B5 /* Debug */,
				B484A87E19FDEA5A000FE4B5 /* Release */,
			);
			defaultConfigurationIsVisible = 0;
			defaultConfigurationName = Release;
		};
		B484A87F19FDEA5A000FE4B5 /* Build configuration list for PBXNativeTarget "CSE425_Lab2" */ = {
			isa = XCConfigurationList;
			buildConfigurations = (
				B484A88019FDEA5A000FE4B5 /* Debug */,
				B484A88119FDEA5A000FE4B5 /* Release */,
			);
			defaultConfigurationIsVisible = 0;
		};
/* End XCConfigurationList section */
	};
	rootObject = B484A87019FDEA5A000FE4B5 /* Project object */;
}
